
Microsoft Visual Studio Solution File, Format Version 12.00
# Visual Studio Version 17
VisualStudioVersion = 17.13.35931.197 d17.13
MinimumVisualStudioVersion = 10.0.40219.1
Project("{FAE04EC0-301F-11D3-BF4B-00C04F79EFBC}") = "ViolatingLSP", "ViolatingLSP.csproj", "{97902B21-CDD0-43A2-936A-EE293FB0FB45}"
EndProject
Project("{FAE04EC0-301F-11D3-BF4B-00C04F79EFBC}") = "Fixing_LSP_Violations", "..\Fixing_LSP_Violations\Fixing_LSP_Violations.csproj", "{CF9E0AE9-568C-493E-B175-B108FA60C2E7}"
EndProject
Global
	GlobalSection(SolutionConfigurationPlatforms) = preSolution
		Debug|Any CPU = Debug|Any CPU
		Release|Any CPU = Release|Any CPU
	EndGlobalSection
	GlobalSection(ProjectConfigurationPlatforms) = postSolution
		{97902B21-CDD0-43A2-936A-EE293FB0FB45}.Debug|Any CPU.ActiveCfg = Debug|Any CPU
		{97902B21-CDD0-43A2-936A-EE293FB0FB45}.Debug|Any CPU.Build.0 = Debug|Any CPU
		{97902B21-CDD0-43A2-936A-EE293FB0FB45}.Release|Any CPU.ActiveCfg = Release|Any CPU
		{97902B21-CDD0-43A2-936A-EE293FB0FB45}.Release|Any CPU.Build.0 = Release|Any CPU
		{CF9E0AE9-568C-493E-B175-B108FA60C2E7}.Debug|Any CPU.ActiveCfg = Debug|Any CPU
		{CF9E0AE9-568C-493E-B175-B108FA60C2E7}.Debug|Any CPU.Build.0 = Debug|Any CPU
		{CF9E0AE9-568C-493E-B175-B108FA60C2E7}.Release|Any CPU.ActiveCfg = Release|Any CPU
		{CF9E0AE9-568C-493E-B175-B108FA60C2E7}.Release|Any CPU.Build.0 = Release|Any CPU
	EndGlobalSection
	GlobalSection(SolutionProperties) = preSolution
		HideSolutionNode = FALSE
	EndGlobalSection
	GlobalSection(ExtensibilityGlobals) = postSolution
		SolutionGuid = {12468504-E336-4993-B848-C004AE2D3466}
	EndGlobalSection
EndGlobal
